{
  "version": 4,
  "terraform_version": "1.1.3",
  "serial": 1,
  "lineage": "7d281223-3c82-aec6-2cf2-f96781a05aba",
  "outputs": {},
  "resources": [
    {
      "mode": "managed",
      "type": "random_pet",
      "name": "pet-name",
      "provider": "provider[\"registry.terraform.io/hashicorp/random\"]",
      "instances": [
        {
          "schema_version": 0,
          "attributes": {
            "id": "randomly_generated-akita",
            "keepers": null,
            "length": 1,
            "prefix": "randomly_generated",
            "separator": "-"
          },
          "sensitive_attributes": [],
          "private": "bnVsbA=="
        }
      ]
    }
  ]
}
