{
  "version": 4,
  "terraform_version": "1.1.3",
  "serial": 11,
  "lineage": "7dfde49d-98d6-9d23-ac04-806c073a881b",
  "outputs": {},
  "resources": [
    {
      "mode": "managed",
      "type": "local_file",
      "name": "pet-file",
      "provider": "provider[\"registry.terraform.io/hashicorp/local\"]",
      "instances": [
        {
          "schema_version": 0,
          "attributes": {
            "content": "This is the first statement.",
            "content_base64": null,
            "directory_permission": "0777",
            "file_permission": "0777",
            "filename": "/mnt/c/Users/hrizvi/Desktop/TerraformStuff/additional_data_types/Banana-hen.txt",
            "id": "9a43149c1d9c1398c9158375e597d857c0293664",
            "sensitive_content": null,
            "source": null
          },
          "sensitive_attributes": [],
          "private": "bnVsbA==",
          "dependencies": [
            "random_pet.pet1"
          ]
        }
      ]
    },
    {
      "mode": "managed",
      "type": "random_pet",
      "name": "pet1",
      "provider": "provider[\"registry.terraform.io/hashicorp/random\"]",
      "instances": [
        {
          "schema_version": 0,
          "attributes": {
            "id": "Banana-hen",
            "keepers": null,
            "length": 1,
            "prefix": "Banana",
            "separator": "-"
          },
          "sensitive_attributes": [],
          "private": "bnVsbA=="
        }
      ]
    }
  ]
}
